
Microsoft Visual Studio Solution File, Format Version 12.00
# Visual Studio Version 17
VisualStudioVersion = 17.11.35222.181
MinimumVisualStudioVersion = 10.0.40219.1
Project("{FAE04EC0-301F-11D3-BF4B-00C04F79EFBC}") = "DatabaseApplication1", "DatabaseApplication1\DatabaseApplication1.csproj", "{453471EE-8961-4A03-811C-456E14AEAEA1}"
EndProject
Global
	GlobalSection(SolutionConfigurationPlatforms) = preSolution
		Debug|Any CPU = Debug|Any CPU
		Release|Any CPU = Release|Any CPU
	EndGlobalSection
	GlobalSection(ProjectConfigurationPlatforms) = postSolution
		{453471EE-8961-4A03-811C-456E14AEAEA1}.Debug|Any CPU.ActiveCfg = Debug|Any CPU
		{453471EE-8961-4A03-811C-456E14AEAEA1}.Debug|Any CPU.Build.0 = Debug|Any CPU
		{453471EE-8961-4A03-811C-456E14AEAEA1}.Release|Any CPU.ActiveCfg = Release|Any CPU
		{453471EE-8961-4A03-811C-456E14AEAEA1}.Release|Any CPU.Build.0 = Release|Any CPU
	EndGlobalSection
	GlobalSection(SolutionProperties) = preSolution
		HideSolutionNode = FALSE
	EndGlobalSection
	GlobalSection(ExtensibilityGlobals) = postSolution
		SolutionGuid = {3E737A96-A065-4810-B98A-99E6C73FAFA0}
	EndGlobalSection
EndGlobal
